
Microsoft Visual Studio Solution File, Format Version 12.00
# Visual Studio Version 17
VisualStudioVersion = 17.7.34221.43
MinimumVisualStudioVersion = 10.0.40219.1
Project("{FAE04EC0-301F-11D3-BF4B-00C04F79EFBC}") = "calcular-area-triangulo-api", "calcular-area-triangulo-api\calcular-area-triangulo-api.csproj", "{CA0FEECE-F002-419C-A3D3-9A92CE60581F}"
EndProject
Global
	GlobalSection(SolutionConfigurationPlatforms) = preSolution
		Debug|Any CPU = Debug|Any CPU
		Release|Any CPU = Release|Any CPU
	EndGlobalSection
	GlobalSection(ProjectConfigurationPlatforms) = postSolution
		{CA0FEECE-F002-419C-A3D3-9A92CE60581F}.Debug|Any CPU.ActiveCfg = Debug|Any CPU
		{CA0FEECE-F002-419C-A3D3-9A92CE60581F}.Debug|Any CPU.Build.0 = Debug|Any CPU
		{CA0FEECE-F002-419C-A3D3-9A92CE60581F}.Release|Any CPU.ActiveCfg = Release|Any CPU
		{CA0FEECE-F002-419C-A3D3-9A92CE60581F}.Release|Any CPU.Build.0 = Release|Any CPU
	EndGlobalSection
	GlobalSection(SolutionProperties) = preSolution
		HideSolutionNode = FALSE
	EndGlobalSection
	GlobalSection(ExtensibilityGlobals) = postSolution
		SolutionGuid = {C902C76E-F7BF-4CC5-BDC9-9EA047AA7779}
	EndGlobalSection
EndGlobal
